
Microsoft Visual Studio Solution File, Format Version 12.00
# Visual Studio 15
VisualStudioVersion = 15.0.28307.168
MinimumVisualStudioVersion = 10.0.40219.1
Project("{FAE04EC0-301F-11D3-BF4B-00C04F79EFBC}") = "ConsoleHelloWorld", "ConsoleHelloWorld\ConsoleHelloWorld.csproj", "{E30272A7-56FA-48E0-95A8-C693CC076A9F}"
EndProject
Project("{FAE04EC0-301F-11D3-BF4B-00C04F79EFBC}") = "ClassCalculator", "ClassCalculator\ClassCalculator.csproj", "{C5B6DAC1-A14C-452C-AA71-567B49136ED6}"
EndProject
Global
	GlobalSection(SolutionConfigurationPlatforms) = preSolution
		Debug|Any CPU = Debug|Any CPU
		Debug|ARM = Debug|ARM
		Debug|ARM64 = Debug|ARM64
		Debug|x64 = Debug|x64
		Debug|x86 = Debug|x86
		Release|Any CPU = Release|Any CPU
		Release|ARM = Release|ARM
		Release|ARM64 = Release|ARM64
		Release|x64 = Release|x64
		Release|x86 = Release|x86
	EndGlobalSection
	GlobalSection(ProjectConfigurationPlatforms) = postSolution
		{E30272A7-56FA-48E0-95A8-C693CC076A9F}.Debug|Any CPU.ActiveCfg = Debug|Any CPU
		{E30272A7-56FA-48E0-95A8-C693CC076A9F}.Debug|Any CPU.Build.0 = Debug|Any CPU
		{E30272A7-56FA-48E0-95A8-C693CC076A9F}.Debug|ARM.ActiveCfg = Debug|Any CPU
		{E30272A7-56FA-48E0-95A8-C693CC076A9F}.Debug|ARM.Build.0 = Debug|Any CPU
		{E30272A7-56FA-48E0-95A8-C693CC076A9F}.Debug|ARM64.ActiveCfg = Debug|Any CPU
		{E30272A7-56FA-48E0-95A8-C693CC076A9F}.Debug|ARM64.Build.0 = Debug|Any CPU
		{E30272A7-56FA-48E0-95A8-C693CC076A9F}.Debug|x64.ActiveCfg = Debug|Any CPU
		{E30272A7-56FA-48E0-95A8-C693CC076A9F}.Debug|x64.Build.0 = Debug|Any CPU
		{E30272A7-56FA-48E0-95A8-C693CC076A9F}.Debug|x86.ActiveCfg = Debug|Any CPU
		{E30272A7-56FA-48E0-95A8-C693CC076A9F}.Debug|x86.Build.0 = Debug|Any CPU
		{E30272A7-56FA-48E0-95A8-C693CC076A9F}.Release|Any CPU.ActiveCfg = Release|Any CPU
		{E30272A7-56FA-48E0-95A8-C693CC076A9F}.Release|Any CPU.Build.0 = Release|Any CPU
		{E30272A7-56FA-48E0-95A8-C693CC076A9F}.Release|ARM.ActiveCfg = Release|Any CPU
		{E30272A7-56FA-48E0-95A8-C693CC076A9F}.Release|ARM.Build.0 = Release|Any CPU
		{E30272A7-56FA-48E0-95A8-C693CC076A9F}.Release|ARM64.ActiveCfg = Release|Any CPU
		{E30272A7-56FA-48E0-95A8-C693CC076A9F}.Release|ARM64.Build.0 = Release|Any CPU
		{E30272A7-56FA-48E0-95A8-C693CC076A9F}.Release|x64.ActiveCfg = Release|Any CPU
		{E30272A7-56FA-48E0-95A8-C693CC076A9F}.Release|x64.Build.0 = Release|Any CPU
		{E30272A7-56FA-48E0-95A8-C693CC076A9F}.Release|x86.ActiveCfg = Release|Any CPU
		{E30272A7-56FA-48E0-95A8-C693CC076A9F}.Release|x86.Build.0 = Release|Any CPU
		{C5B6DAC1-A14C-452C-AA71-567B49136ED6}.Debug|Any CPU.ActiveCfg = Debug|Any CPU
		{C5B6DAC1-A14C-452C-AA71-567B49136ED6}.Debug|Any CPU.Build.0 = Debug|Any CPU
		{C5B6DAC1-A14C-452C-AA71-567B49136ED6}.Debug|ARM.ActiveCfg = Debug|Any CPU
		{C5B6DAC1-A14C-452C-AA71-567B49136ED6}.Debug|ARM.Build.0 = Debug|Any CPU
		{C5B6DAC1-A14C-452C-AA71-567B49136ED6}.Debug|ARM64.ActiveCfg = Debug|Any CPU
		{C5B6DAC1-A14C-452C-AA71-567B49136ED6}.Debug|ARM64.Build.0 = Debug|Any CPU
		{C5B6DAC1-A14C-452C-AA71-567B49136ED6}.Debug|x64.ActiveCfg = Debug|Any CPU
		{C5B6DAC1-A14C-452C-AA71-567B49136ED6}.Debug|x64.Build.0 = Debug|Any CPU
		{C5B6DAC1-A14C-452C-AA71-567B49136ED6}.Debug|x86.ActiveCfg = Debug|Any CPU
		{C5B6DAC1-A14C-452C-AA71-567B49136ED6}.Debug|x86.Build.0 = Debug|Any CPU
		{C5B6DAC1-A14C-452C-AA71-567B49136ED6}.Release|Any CPU.ActiveCfg = Release|Any CPU
		{C5B6DAC1-A14C-452C-AA71-567B49136ED6}.Release|Any CPU.Build.0 = Release|Any CPU
		{C5B6DAC1-A14C-452C-AA71-567B49136ED6}.Release|ARM.ActiveCfg = Release|Any CPU
		{C5B6DAC1-A14C-452C-AA71-567B49136ED6}.Release|ARM.Build.0 = Release|Any CPU
		{C5B6DAC1-A14C-452C-AA71-567B49136ED6}.Release|ARM64.ActiveCfg = Release|Any CPU
		{C5B6DAC1-A14C-452C-AA71-567B49136ED6}.Release|ARM64.Build.0 = Release|Any CPU
		{C5B6DAC1-A14C-452C-AA71-567B49136ED6}.Release|x64.ActiveCfg = Release|Any CPU
		{C5B6DAC1-A14C-452C-AA71-567B49136ED6}.Release|x64.Build.0 = Release|Any CPU
		{C5B6DAC1-A14C-452C-AA71-567B49136ED6}.Release|x86.ActiveCfg = Release|Any CPU
		{C5B6DAC1-A14C-452C-AA71-567B49136ED6}.Release|x86.Build.0 = Release|Any CPU
	EndGlobalSection
	GlobalSection(SolutionProperties) = preSolution
		HideSolutionNode = FALSE
	EndGlobalSection
	GlobalSection(ExtensibilityGlobals) = postSolution
		SolutionGuid = {992053C0-8556-4D34-8EC6-A8296D43A469}
	EndGlobalSection
EndGlobal
